// !$*UTF8*$!
{
	archiveVersion = 1;
	classes = {
	};
	objectVersion = 46;
	objects = {

/* Begin PBXBuildFile section */
		1702CB441CE46AE600157878 /* BaseModel.m in Sources */ = {isa = PBXBuildFile; fileRef = 1702CB3F1CE46AE600157878 /* BaseModel.m */; };
		1702CB451CE46AE600157878 /* BaseViewController.m in Sources */ = {isa = PBXBuildFile; fileRef = 1702CB411CE46AE600157878 /* BaseViewController.m */; };
		1702CB461CE46AE600157878 /* MyTabBarController.m in Sources */ = {isa = PBXBuildFile; fileRef = 1702CB431CE46AE600157878 /* MyTabBarController.m */; };
		1702CB721CE46BD100157878 /* HomePageController.m in Sources */ = {isa = PBXBuildFile; fileRef = 1702CB5D1CE46BD100157878 /* HomePageController.m */; };
		1702CB731CE46BD100157878 /* SportController.m in Sources */ = {isa = PBXBuildFile; fileRef = 1702CB631CE46BD100157878 /* SportController.m */; };
		1702CB741CE46BD100157878 /* StartRunController.m in Sources */ = {isa = PBXBuildFile; fileRef = 1702CB651CE46BD100157878 /* StartRunController.m */; };
		1702CB751CE46BD100157878 /* SportModel.m in Sources */ = {isa = PBXBuildFile; fileRef = 1702CB681CE46BD100157878 /* SportModel.m */; };
		1702CB761CE46BD100157878 /* SportPath.m in Sources */ = {isa = PBXBuildFile; fileRef = 1702CB6A1CE46BD100157878 /* SportPath.m */; };
		1702CB771CE46BD100157878 /* StartRunView.m in Sources */ = {isa = PBXBuildFile; fileRef = 1702CB6D1CE46BD100157878 /* StartRunView.m */; };
		1702CB7A1CE46C1600157878 /* UserViewController.m in Sources */ = {isa = PBXBuildFile; fileRef = 1702CB791CE46C1600157878 /* UserViewController.m */; };
		1702CB7D1CE470B600157878 /* BaseView.m in Sources */ = {isa = PBXBuildFile; fileRef = 1702CB7C1CE470B600157878 /* BaseView.m */; };
		1799CEAE1CDC99F300310A4B /* LaunchScreen.storyboard in Resources */ = {isa = PBXBuildFile; fileRef = 1799CEAD1CDC99F300310A4B /* LaunchScreen.storyboard */; };
		7E48F60D1C5EF4E400692810 /* main.m in Sources */ = {isa = PBXBuildFile; fileRef = 7E48F60C1C5EF4E400692810 /* main.m */; };
		7E48F6101C5EF4E400692810 /* AppDelegate.m in Sources */ = {isa = PBXBuildFile; fileRef = 7E48F60F1C5EF4E400692810 /* AppDelegate.m */; };
		7E48F6181C5EF4E400692810 /* Assets.xcassets in Resources */ = {isa = PBXBuildFile; fileRef = 7E48F6171C5EF4E400692810 /* Assets.xcassets */; };
		7E48F6261C5EF4E400692810 /* HappyRunTests.m in Sources */ = {isa = PBXBuildFile; fileRef = 7E48F6251C5EF4E400692810 /* HappyRunTests.m */; };
		7E48F6311C5EF4E400692810 /* HappyRunUITests.m in Sources */ = {isa = PBXBuildFile; fileRef = 7E48F6301C5EF4E400692810 /* HappyRunUITests.m */; };
		FC4D50536E0330F4AF1E6B23 /* libPods.a in Frameworks */ = {isa = PBXBuildFile; fileRef = F55CED8C79D89721E8C2797F /* libPods.a */; };
/* End PBXBuildFile section */

/* Begin PBXContainerItemProxy section */
		7E48F6221C5EF4E400692810 /* PBXContainerItemProxy */ = {
			isa = PBXContainerItemProxy;
			containerPortal = 7E48F6001C5EF4E400692810 /* Project object */;
			proxyType = 1;
			remoteGlobalIDString = 7E48F6071C5EF4E400692810;
			remoteInfo = HappyRun;
		};
		7E48F62D1C5EF4E400692810 /* PBXContainerItemProxy */ = {
			isa = PBXContainerItemProxy;
			containerPortal = 7E48F6001C5EF4E400692810 /* Project object */;
			proxyType = 1;
			remoteGlobalIDString = 7E48F6071C5EF4E400692810;
			remoteInfo = HappyRun;
		};
/* End PBXContainerItemProxy section */

/* Begin PBXFileReference section */
		1702CB3E1CE46AE600157878 /* BaseModel.h */ = {isa = PBXFileReference; fileEncoding = 4; lastKnownFileType = sourcecode.c.h; name = BaseModel.h; path = HappyRun/Base/BaseModel.h; sourceTree = SOURCE_ROOT; };
		1702CB3F1CE46AE600157878 /* BaseModel.m */ = {isa = PBXFileReference; fileEncoding = 4; lastKnownFileType = sourcecode.c.objc; name = BaseModel.m; path = HappyRun/Base/BaseModel.m; sourceTree = SOURCE_ROOT; };
		1702CB401CE46AE600157878 /* BaseViewController.h */ = {isa = PBXFileReference; fileEncoding = 4; lastKnownFileType = sourcecode.c.h; name = BaseViewController.h; path = HappyRun/Base/BaseViewController.h; sourceTree = SOURCE_ROOT; };
		1702CB411CE46AE600157878 /* BaseViewController.m */ = {isa = PBXFileReference; fileEncoding = 4; lastKnownFileType = sourcecode.c.objc; name = BaseViewController.m; path = HappyRun/Base/BaseViewController.m; sourceTree = SOURCE_ROOT; };
		1702CB421CE46AE600157878 /* MyTabBarController.h */ = {isa = PBXFileReference; fileEncoding = 4; lastKnownFileType = sourcecode.c.h; name = MyTabBarController.h; path = HappyRun/Base/MyTabBarController.h; sourceTree = SOURCE_ROOT; };
		1702CB431CE46AE600157878 /* MyTabBarController.m */ = {isa = PBXFileReference; fileEncoding = 4; lastKnownFileType = sourcecode.c.objc; name = MyTabBarController.m; path = HappyRun/Base/MyTabBarController.m; sourceTree = SOURCE_ROOT; };
		1702CB5C1CE46BD100157878 /* HomePageController.h */ = {isa = PBXFileReference; fileEncoding = 4; lastKnownFileType = sourcecode.c.h; path = HomePageController.h; sourceTree = "<group>"; };
		1702CB5D1CE46BD100157878 /* HomePageController.m */ = {isa = PBXFileReference; fileEncoding = 4; lastKnownFileType = sourcecode.c.objc; path = HomePageController.m; sourceTree = "<group>"; };
		1702CB621CE46BD100157878 /* SportController.h */ = {isa = PBXFileReference; fileEncoding = 4; lastKnownFileType = sourcecode.c.h; path = SportController.h; sourceTree = "<group>"; };
		1702CB631CE46BD100157878 /* SportController.m */ = {isa = PBXFileReference; fileEncoding = 4; lastKnownFileType = sourcecode.c.objc; path = SportController.m; sourceTree = "<group>"; };
		1702CB641CE46BD100157878 /* StartRunController.h */ = {isa = PBXFileReference; fileEncoding = 4; lastKnownFileType = sourcecode.c.h; path = StartRunController.h; sourceTree = "<group>"; };
		1702CB651CE46BD100157878 /* StartRunController.m */ = {isa = PBXFileReference; fileEncoding = 4; lastKnownFileType = sourcecode.c.objc; path = StartRunController.m; sourceTree = "<group>"; };
		1702CB671CE46BD100157878 /* SportModel.h */ = {isa = PBXFileReference; fileEncoding = 4; lastKnownFileType = sourcecode.c.h; path = SportModel.h; sourceTree = "<group>"; };
		1702CB681CE46BD100157878 /* SportModel.m */ = {isa = PBXFileReference; fileEncoding = 4; lastKnownFileType = sourcecode.c.objc; path = SportModel.m; sourceTree = "<group>"; };
		1702CB691CE46BD100157878 /* SportPath.h */ = {isa = PBXFileReference; fileEncoding = 4; lastKnownFileType = sourcecode.c.h; path = SportPath.h; sourceTree = "<group>"; };
		1702CB6A1CE46BD100157878 /* SportPath.m */ = {isa = PBXFileReference; fileEncoding = 4; lastKnownFileType = sourcecode.c.objc; path = SportPath.m; sourceTree = "<group>"; };
		1702CB6C1CE46BD100157878 /* StartRunView.h */ = {isa = PBXFileReference; fileEncoding = 4; lastKnownFileType = sourcecode.c.h; path = StartRunView.h; sourceTree = "<group>"; };
		1702CB6D1CE46BD100157878 /* StartRunView.m */ = {isa = PBXFileReference; fileEncoding = 4; lastKnownFileType = sourcecode.c.objc; path = StartRunView.m; sourceTree = "<group>"; };
		1702CB781CE46C1600157878 /* UserViewController.h */ = {isa = PBXFileReference; fileEncoding = 4; lastKnownFileType = sourcecode.c.h; path = UserViewController.h; sourceTree = "<group>"; };
		1702CB791CE46C1600157878 /* UserViewController.m */ = {isa = PBXFileReference; fileEncoding = 4; lastKnownFileType = sourcecode.c.objc; path = UserViewController.m; sourceTree = "<group>"; };
		1702CB7B1CE470B500157878 /* BaseView.h */ = {isa = PBXFileReference; fileEncoding = 4; lastKnownFileType = sourcecode.c.h; path = BaseView.h; sourceTree = "<group>"; };
		1702CB7C1CE470B600157878 /* BaseView.m */ = {isa = PBXFileReference; fileEncoding = 4; lastKnownFileType = sourcecode.c.objc; path = BaseView.m; sourceTree = "<group>"; };
		1799CEAD1CDC99F300310A4B /* LaunchScreen.storyboard */ = {isa = PBXFileReference; fileEncoding = 4; lastKnownFileType = file.storyboard; name = LaunchScreen.storyboard; path = View/LaunchScreen.storyboard; sourceTree = "<group>"; };
		7E48F6081C5EF4E400692810 /* HappyRun.app */ = {isa = PBXFileReference; explicitFileType = wrapper.application; includeInIndex = 0; path = HappyRun.app; sourceTree = BUILT_PRODUCTS_DIR; };
		7E48F60C1C5EF4E400692810 /* main.m */ = {isa = PBXFileReference; lastKnownFileType = sourcecode.c.objc; path = main.m; sourceTree = "<group>"; };
		7E48F60E1C5EF4E400692810 /* AppDelegate.h */ = {isa = PBXFileReference; lastKnownFileType = sourcecode.c.h; path = AppDelegate.h; sourceTree = "<group>"; };
		7E48F60F1C5EF4E400692810 /* AppDelegate.m */ = {isa = PBXFileReference; lastKnownFileType = sourcecode.c.objc; path = AppDelegate.m; sourceTree = "<group>"; };
		7E48F6171C5EF4E400692810 /* Assets.xcassets */ = {isa = PBXFileReference; lastKnownFileType = folder.assetcatalog; path = Assets.xcassets; sourceTree = "<group>"; };
		7E48F61C1C5EF4E400692810 /* Info.plist */ = {isa = PBXFileReference; lastKnownFileType = text.plist.xml; path = Info.plist; sourceTree = "<group>"; };
		7E48F6211C5EF4E400692810 /* HappyRunTests.xctest */ = {isa = PBXFileReference; explicitFileType = wrapper.cfbundle; includeInIndex = 0; path = HappyRunTests.xctest; sourceTree = BUILT_PRODUCTS_DIR; };
		7E48F6251C5EF4E400692810 /* HappyRunTests.m */ = {isa = PBXFileReference; lastKnownFileType = sourcecode.c.objc; path = HappyRunTests.m; sourceTree = "<group>"; };
		7E48F6271C5EF4E400692810 /* Info.plist */ = {isa = PBXFileReference; lastKnownFileType = text.plist.xml; path = Info.plist; sourceTree = "<group>"; };
		7E48F62C1C5EF4E400692810 /* HappyRunUITests.xctest */ = {isa = PBXFileReference; explicitFileType = wrapper.cfbundle; includeInIndex = 0; path = HappyRunUITests.xctest; sourceTree = BUILT_PRODUCTS_DIR; };
		7E48F6301C5EF4E400692810 /* HappyRunUITests.m */ = {isa = PBXFileReference; lastKnownFileType = sourcecode.c.objc; path = HappyRunUITests.m; sourceTree = "<group>"; };
		7E48F6321C5EF4E400692810 /* Info.plist */ = {isa = PBXFileReference; lastKnownFileType = text.plist.xml; path = Info.plist; sourceTree = "<group>"; };
		BD4A0B09AF99DFBB46A04CD1 /* Pods.debug.xcconfig */ = {isa = PBXFileReference; includeInIndex = 1; lastKnownFileType = text.xcconfig; name = Pods.debug.xcconfig; path = "Pods/Target Support Files/Pods/Pods.debug.xcconfig"; sourceTree = "<group>"; };
		DF19B405387F79BF718785AD /* Pods.release.xcconfig */ = {isa = PBXFileReference; includeInIndex = 1; lastKnownFileType = text.xcconfig; name = Pods.release.xcconfig; path = "Pods/Target Support Files/Pods/Pods.release.xcconfig"; sourceTree = "<group>"; };
		F55CED8C79D89721E8C2797F /* libPods.a */ = {isa = PBXFileReference; explicitFileType = archive.ar; includeInIndex = 0; path = libPods.a; sourceTree = BUILT_PRODUCTS_DIR; };
/* End PBXFileReference section */

/* Begin PBXFrameworksBuildPhase section */
		7E48F6051C5EF4E400692810 /* Frameworks */ = {
			isa = PBXFrameworksBuildPhase;
			buildActionMask = 2147483647;
			files = (
				FC4D50536E0330F4AF1E6B23 /* libPods.a in Frameworks */,
			);
			runOnlyForDeploymentPostprocessing = 0;
		};
		7E48F61E1C5EF4E400692810 /* Frameworks */ = {
			isa = PBXFrameworksBuildPhase;
			buildActionMask = 2147483647;
			files = (
			);
			runOnlyForDeploymentPostprocessing = 0;
		};
		7E48F6291C5EF4E400692810 /* Frameworks */ = {
			isa = PBXFrameworksBuildPhase;
			buildActionMask = 2147483647;
			files = (
			);
			runOnlyForDeploymentPostprocessing = 0;
		};
/* End PBXFrameworksBuildPhase section */

/* Begin PBXGroup section */
		04E851341C61EC60005CA226 /* Sourses */ = {
			isa = PBXGroup;
			children = (
				7E48F6171C5EF4E400692810 /* Assets.xcassets */,
			);
			name = Sourses;
			sourceTree = "<group>";
		};
		1702CB311CE4676B00157878 /* Base */ = {
			isa = PBXGroup;
			children = (
				1702CB3E1CE46AE600157878 /* BaseModel.h */,
				1702CB3F1CE46AE600157878 /* BaseModel.m */,
				1702CB401CE46AE600157878 /* BaseViewController.h */,
				1702CB411CE46AE600157878 /* BaseViewController.m */,
				1702CB421CE46AE600157878 /* MyTabBarController.h */,
				1702CB431CE46AE600157878 /* MyTabBarController.m */,
				1702CB7B1CE470B500157878 /* BaseView.h */,
				1702CB7C1CE470B600157878 /* BaseView.m */,
			);
			name = Base;
			path = Model;
			sourceTree = "<group>";
		};
		1702CB591CE46BD100157878 /* APPModule */ = {
			isa = PBXGroup;
			children = (
				1702CB5A1CE46BD100157878 /* HomePage */,
				1702CB601CE46BD100157878 /* Sport */,
				1702CB6E1CE46BD100157878 /* User */,
			);
			path = APPModule;
			sourceTree = "<group>";
		};
		1702CB5A1CE46BD100157878 /* HomePage */ = {
			isa = PBXGroup;
			children = (
				1702CB5B1CE46BD100157878 /* Controller */,
				1702CB5E1CE46BD100157878 /* Model */,
				1702CB5F1CE46BD100157878 /* View */,
			);
			path = HomePage;
			sourceTree = "<group>";
		};
		1702CB5B1CE46BD100157878 /* Controller */ = {
			isa = PBXGroup;
			children = (
				1702CB5C1CE46BD100157878 /* HomePageController.h */,
				1702CB5D1CE46BD100157878 /* HomePageController.m */,
			);
			path = Controller;
			sourceTree = "<group>";
		};
		1702CB5E1CE46BD100157878 /* Model */ = {
			isa = PBXGroup;
			children = (
			);
			path = Model;
			sourceTree = "<group>";
		};
		1702CB5F1CE46BD100157878 /* View */ = {
			isa = PBXGroup;
			children = (
			);
			path = View;
			sourceTree = "<group>";
		};
		1702CB601CE46BD100157878 /* Sport */ = {
			isa = PBXGroup;
			children = (
				1702CB661CE46BD100157878 /* Model */,
				1702CB6B1CE46BD100157878 /* View */,
				1702CB611CE46BD100157878 /* Controller */,
			);
			path = Sport;
			sourceTree = "<group>";
		};
		1702CB611CE46BD100157878 /* Controller */ = {
			isa = PBXGroup;
			children = (
				1702CB621CE46BD100157878 /* SportController.h */,
				1702CB631CE46BD100157878 /* SportController.m */,
				1702CB641CE46BD100157878 /* StartRunController.h */,
				1702CB651CE46BD100157878 /* StartRunController.m */,
			);
			path = Controller;
			sourceTree = "<group>";
		};
		1702CB661CE46BD100157878 /* Model */ = {
			isa = PBXGroup;
			children = (
				1702CB671CE46BD100157878 /* SportModel.h */,
				1702CB681CE46BD100157878 /* SportModel.m */,
				1702CB691CE46BD100157878 /* SportPath.h */,
				1702CB6A1CE46BD100157878 /* SportPath.m */,
			);
			path = Model;
			sourceTree = "<group>";
		};
		1702CB6B1CE46BD100157878 /* View */ = {
			isa = PBXGroup;
			children = (
				1702CB6C1CE46BD100157878 /* StartRunView.h */,
				1702CB6D1CE46BD100157878 /* StartRunView.m */,
			);
			path = View;
			sourceTree = "<group>";
		};
		1702CB6E1CE46BD100157878 /* User */ = {
			isa = PBXGroup;
			children = (
				1702CB6F1CE46BD100157878 /* Controller */,
				1702CB701CE46BD100157878 /* Model */,
				1702CB711CE46BD100157878 /* View */,
			);
			path = User;
			sourceTree = "<group>";
		};
		1702CB6F1CE46BD100157878 /* Controller */ = {
			isa = PBXGroup;
			children = (
				1702CB781CE46C1600157878 /* UserViewController.h */,
				1702CB791CE46C1600157878 /* UserViewController.m */,
			);
			path = Controller;
			sourceTree = "<group>";
		};
		1702CB701CE46BD100157878 /* Model */ = {
			isa = PBXGroup;
			children = (
			);
			path = Model;
			sourceTree = "<group>";
		};
		1702CB711CE46BD100157878 /* View */ = {
			isa = PBXGroup;
			children = (
			);
			path = View;
			sourceTree = "<group>";
		};
		7E48F5FF1C5EF4E400692810 = {
			isa = PBXGroup;
			children = (
				7E48F60A1C5EF4E400692810 /* HappyRun */,
				7E48F6241C5EF4E400692810 /* HappyRunTests */,
				7E48F62F1C5EF4E400692810 /* HappyRunUITests */,
				7E48F6091C5EF4E400692810 /* Products */,
				EC0D41072EEB399059018FF2 /* Pods */,
				8BEFCA3E9297206023629ED3 /* Frameworks */,
			);
			sourceTree = "<group>";
		};
		7E48F6091C5EF4E400692810 /* Products */ = {
			isa = PBXGroup;
			children = (
				7E48F6081C5EF4E400692810 /* HappyRun.app */,
				7E48F6211C5EF4E400692810 /* HappyRunTests.xctest */,
				7E48F62C1C5EF4E400692810 /* HappyRunUITests.xctest */,
			);
			name = Products;
			sourceTree = "<group>";
		};
		7E48F60A1C5EF4E400692810 /* HappyRun */ = {
			isa = PBXGroup;
			children = (
				1702CB591CE46BD100157878 /* APPModule */,
				7E48F60B1C5EF4E400692810 /* Supporting Files */,
				04E851341C61EC60005CA226 /* Sourses */,
				1702CB311CE4676B00157878 /* Base */,
			);
			path = HappyRun;
			sourceTree = "<group>";
		};
		7E48F60B1C5EF4E400692810 /* Supporting Files */ = {
			isa = PBXGroup;
			children = (
				7E48F60E1C5EF4E400692810 /* AppDelegate.h */,
				7E48F60F1C5EF4E400692810 /* AppDelegate.m */,
				1799CEAD1CDC99F300310A4B /* LaunchScreen.storyboard */,
				7E48F61C1C5EF4E400692810 /* Info.plist */,
				7E48F60C1C5EF4E400692810 /* main.m */,
			);
			name = "Supporting Files";
			sourceTree = "<group>";
		};
		7E48F6241C5EF4E400692810 /* HappyRunTests */ = {
			isa = PBXGroup;
			children = (
				7E48F6251C5EF4E400692810 /* HappyRunTests.m */,
				7E48F6271C5EF4E400692810 /* Info.plist */,
			);
			path = HappyRunTests;
			sourceTree = "<group>";
		};
		7E48F62F1C5EF4E400692810 /* HappyRunUITests */ = {
			isa = PBXGroup;
			children = (
				7E48F6301C5EF4E400692810 /* HappyRunUITests.m */,
				7E48F6321C5EF4E400692810 /* Info.plist */,
			);
			path = HappyRunUITests;
			sourceTree = "<group>";
		};
		8BEFCA3E9297206023629ED3 /* Frameworks */ = {
			isa = PBXGroup;
			children = (
				F55CED8C79D89721E8C2797F /* libPods.a */,
			);
			name = Frameworks;
			sourceTree = "<group>";
		};
		EC0D41072EEB399059018FF2 /* Pods */ = {
			isa = PBXGroup;
			children = (
				BD4A0B09AF99DFBB46A04CD1 /* Pods.debug.xcconfig */,
				DF19B405387F79BF718785AD /* Pods.release.xcconfig */,
			);
			name = Pods;
			sourceTree = "<group>";
		};
/* End PBXGroup section */

/* Begin PBXNativeTarget section */
		7E48F6071C5EF4E400692810 /* HappyRun */ = {
			isa = PBXNativeTarget;
			buildConfigurationList = 7E48F6351C5EF4E400692810 /* Build configuration list for PBXNativeTarget "HappyRun" */;
			buildPhases = (
				2D4B96E10B693A084F95A911 /* Check Pods Manifest.lock */,
				7E48F6041C5EF4E400692810 /* Sources */,
				7E48F6051C5EF4E400692810 /* Frameworks */,
				7E48F6061C5EF4E400692810 /* Resources */,
				4566683FBE248129E3998C27 /* Embed Pods Frameworks */,
				D4EFADB7E93B4AAE7F0B1EF4 /* Copy Pods Resources */,
			);
			buildRules = (
			);
			dependencies = (
			);
			name = HappyRun;
			productName = HappyRun;
			productReference = 7E48F6081C5EF4E400692810 /* HappyRun.app */;
			productType = "com.apple.product-type.application";
		};
		7E48F6201C5EF4E400692810 /* HappyRunTests */ = {
			isa = PBXNativeTarget;
			buildConfigurationList = 7E48F6381C5EF4E400692810 /* Build configuration list for PBXNativeTarget "HappyRunTests" */;
			buildPhases = (
				7E48F61D1C5EF4E400692810 /* Sources */,
				7E48F61E1C5EF4E400692810 /* Frameworks */,
				7E48F61F1C5EF4E400692810 /* Resources */,
			);
			buildRules = (
			);
			dependencies = (
				7E48F6231C5EF4E400692810 /* PBXTargetDependency */,
			);
			name = HappyRunTests;
			productName = HappyRunTests;
			productReference = 7E48F6211C5EF4E400692810 /* HappyRunTests.xctest */;
			productType = "com.apple.product-type.bundle.unit-test";
		};
		7E48F62B1C5EF4E400692810 /* HappyRunUITests */ = {
			isa = PBXNativeTarget;
			buildConfigurationList = 7E48F63B1C5EF4E400692810 /* Build configuration list for PBXNativeTarget "HappyRunUITests" */;
			buildPhases = (
				7E48F6281C5EF4E400692810 /* Sources */,
				7E48F6291C5EF4E400692810 /* Frameworks */,
				7E48F62A1C5EF4E400692810 /* Resources */,
			);
			buildRules = (
			);
			dependencies = (
				7E48F62E1C5EF4E400692810 /* PBXTargetDependency */,
			);
			name = HappyRunUITests;
			productName = HappyRunUITests;
			productReference = 7E48F62C1C5EF4E400692810 /* HappyRunUITests.xctest */;
			productType = "com.apple.product-type.bundle.ui-testing";
		};
/* End PBXNativeTarget section */

/* Begin PBXProject section */
		7E48F6001C5EF4E400692810 /* Project object */ = {
			isa = PBXProject;
			attributes = {
				LastUpgradeCheck = 0710;
				ORGANIZATIONNAME = YuZai;
				TargetAttributes = {
					7E48F6071C5EF4E400692810 = {
						CreatedOnToolsVersion = 7.1;
					};
					7E48F6201C5EF4E400692810 = {
						CreatedOnToolsVersion = 7.1;
						TestTargetID = 7E48F6071C5EF4E400692810;
					};
					7E48F62B1C5EF4E400692810 = {
						CreatedOnToolsVersion = 7.1;
						TestTargetID = 7E48F6071C5EF4E400692810;
					};
				};
			};
			buildConfigurationList = 7E48F6031C5EF4E400692810 /* Build configuration list for PBXProject "HappyRun" */;
			compatibilityVersion = "Xcode 3.2";
			developmentRegion = English;
			hasScannedForEncodings = 0;
			knownRegions = (
				en,
				Base,
			);
			mainGroup = 7E48F5FF1C5EF4E400692810;
			productRefGroup = 7E48F6091C5EF4E400692810 /* Products */;
			projectDirPath = "";
			projectRoot = "";
			targets = (
				7E48F6071C5EF4E400692810 /* HappyRun */,
				7E48F6201C5EF4E400692810 /* HappyRunTests */,
				7E48F62B1C5EF4E400692810 /* HappyRunUITests */,
			);
		};
/* End PBXProject section */

/* Begin PBXResourcesBuildPhase section */
		7E48F6061C5EF4E400692810 /* Resources */ = {
			isa = PBXResourcesBuildPhase;
			buildActionMask = 2147483647;
			files = (
				7E48F6181C5EF4E400692810 /* Assets.xcassets in Resources */,
				1799CEAE1CDC99F300310A4B /* LaunchScreen.storyboard in Resources */,
			);
			runOnlyForDeploymentPostprocessing = 0;
		};
		7E48F61F1C5EF4E400692810 /* Resources */ = {
			isa = PBXResourcesBuildPhase;
			buildActionMask = 2147483647;
			files = (
			);
			runOnlyForDeploymentPostprocessing = 0;
		};
		7E48F62A1C5EF4E400692810 /* Resources */ = {
			isa = PBXResourcesBuildPhase;
			buildActionMask = 2147483647;
			files = (
			);
			runOnlyForDeploymentPostprocessing = 0;
		};
/* End PBXResourcesBuildPhase section */

/* Begin PBXShellScriptBuildPhase section */
		2D4B96E10B693A084F95A911 /* Check Pods Manifest.lock */ = {
			isa = PBXShellScriptBuildPhase;
			buildActionMask = 2147483647;
			files = (
			);
			inputPaths = (
			);
			name = "Check Pods Manifest.lock";
			outputPaths = (
			);
			runOnlyForDeploymentPostprocessing = 0;
			shellPath = /bin/sh;
			shellScript = "diff \"${PODS_ROOT}/../Podfile.lock\" \"${PODS_ROOT}/Manifest.lock\" > /dev/null\nif [[ $? != 0 ]] ; then\n    cat << EOM\nerror: The sandbox is not in sync with the Podfile.lock. Run 'pod install' or update your CocoaPods installation.\nEOM\n    exit 1\nfi\n";
			showEnvVarsInLog = 0;
		};
		4566683FBE248129E3998C27 /* Embed Pods Frameworks */ = {
			isa = PBXShellScriptBuildPhase;
			buildActionMask = 2147483647;
			files = (
			);
			inputPaths = (
			);
			name = "Embed Pods Frameworks";
			outputPaths = (
			);
			runOnlyForDeploymentPostprocessing = 0;
			shellPath = /bin/sh;
			shellScript = "\"${SRCROOT}/Pods/Target Support Files/Pods/Pods-frameworks.sh\"\n";
			showEnvVarsInLog = 0;
		};
		D4EFADB7E93B4AAE7F0B1EF4 /* Copy Pods Resources */ = {
			isa = PBXShellScriptBuildPhase;
			buildActionMask = 2147483647;
			files = (
			);
			inputPaths = (
			);
			name = "Copy Pods Resources";
			outputPaths = (
			);
			runOnlyForDeploymentPostprocessing = 0;
			shellPath = /bin/sh;
			shellScript = "\"${SRCROOT}/Pods/Target Support Files/Pods/Pods-resources.sh\"\n";
			showEnvVarsInLog = 0;
		};
/* End PBXShellScriptBuildPhase section */

/* Begin PBXSourcesBuildPhase section */
		7E48F6041C5EF4E400692810 /* Sources */ = {
			isa = PBXSourcesBuildPhase;
			buildActionMask = 2147483647;
			files = (
				1702CB441CE46AE600157878 /* BaseModel.m in Sources */,
				1702CB721CE46BD100157878 /* HomePageController.m in Sources */,
				1702CB451CE46AE600157878 /* BaseViewController.m in Sources */,
				7E48F6101C5EF4E400692810 /* AppDelegate.m in Sources */,
				1702CB461CE46AE600157878 /* MyTabBarController.m in Sources */,
				1702CB731CE46BD100157878 /* SportController.m in Sources */,
				1702CB7D1CE470B600157878 /* BaseView.m in Sources */,
				1702CB751CE46BD100157878 /* SportModel.m in Sources */,
				1702CB761CE46BD100157878 /* SportPath.m in Sources */,
				1702CB741CE46BD100157878 /* StartRunController.m in Sources */,
				1702CB7A1CE46C1600157878 /* UserViewController.m in Sources */,
				7E48F60D1C5EF4E400692810 /* main.m in Sources */,
				1702CB771CE46BD100157878 /* StartRunView.m in Sources */,
			);
			runOnlyForDeploymentPostprocessing = 0;
		};
		7E48F61D1C5EF4E400692810 /* Sources */ = {
			isa = PBXSourcesBuildPhase;
			buildActionMask = 2147483647;
			files = (
				7E48F6261C5EF4E400692810 /* HappyRunTests.m in Sources */,
			);
			runOnlyForDeploymentPostprocessing = 0;
		};
		7E48F6281C5EF4E400692810 /* Sources */ = {
			isa = PBXSourcesBuildPhase;
			buildActionMask = 2147483647;
			files = (
				7E48F6311C5EF4E400692810 /* HappyRunUITests.m in Sources */,
			);
			runOnlyForDeploymentPostprocessing = 0;
		};
/* End PBXSourcesBuildPhase section */

/* Begin PBXTargetDependency section */
		7E48F6231C5EF4E400692810 /* PBXTargetDependency */ = {
			isa = PBXTargetDependency;
			target = 7E48F6071C5EF4E400692810 /* HappyRun */;
			targetProxy = 7E48F6221C5EF4E400692810 /* PBXContainerItemProxy */;
		};
		7E48F62E1C5EF4E400692810 /* PBXTargetDependency */ = {
			isa = PBXTargetDependency;
			target = 7E48F6071C5EF4E400692810 /* HappyRun */;
			targetProxy = 7E48F62D1C5EF4E400692810 /* PBXContainerItemProxy */;
		};
/* End PBXTargetDependency section */

/* Begin XCBuildConfiguration section */
		7E48F6331C5EF4E400692810 /* Debug */ = {
			isa = XCBuildConfiguration;
			buildSettings = {
				ALWAYS_SEARCH_USER_PATHS = NO;
				CLANG_CXX_LANGUAGE_STANDARD = "gnu++0x";
				CLANG_CXX_LIBRARY = "libc++";
				CLANG_ENABLE_MODULES = YES;
				CLANG_ENABLE_OBJC_ARC = YES;
				CLANG_WARN_BOOL_CONVERSION = YES;
				CLANG_WARN_CONSTANT_CONVERSION = YES;
				CLANG_WARN_DIRECT_OBJC_ISA_USAGE = YES_ERROR;
				CLANG_WARN_EMPTY_BODY = YES;
				CLANG_WARN_ENUM_CONVERSION = YES;
				CLANG_WARN_INT_CONVERSION = YES;
				CLANG_WARN_OBJC_ROOT_CLASS = YES_ERROR;
				CLANG_WARN_UNREACHABLE_CODE = YES;
				CLANG_WARN__DUPLICATE_METHOD_MATCH = YES;
				"CODE_SIGN_IDENTITY[sdk=iphoneos*]" = "iPhone Developer";
				COPY_PHASE_STRIP = NO;
				DEBUG_INFORMATION_FORMAT = dwarf;
				ENABLE_STRICT_OBJC_MSGSEND = YES;
				ENABLE_TESTABILITY = YES;
				GCC_C_LANGUAGE_STANDARD = gnu99;
				GCC_DYNAMIC_NO_PIC = NO;
				GCC_NO_COMMON_BLOCKS = YES;
				GCC_OPTIMIZATION_LEVEL = 0;
				GCC_PREPROCESSOR_DEFINITIONS = (
					"DEBUG=1",
					"$(inherited)",
				);
				GCC_WARN_64_TO_32_BIT_CONVERSION = YES;
				GCC_WARN_ABOUT_RETURN_TYPE = YES_ERROR;
				GCC_WARN_UNDECLARED_SELECTOR = YES;
				GCC_WARN_UNINITIALIZED_AUTOS = YES_AGGRESSIVE;
				GCC_WARN_UNUSED_FUNCTION = YES;
				GCC_WARN_UNUSED_VARIABLE = YES;
				IPHONEOS_DEPLOYMENT_TARGET = 9.1;
				MTL_ENABLE_DEBUG_INFO = YES;
				ONLY_ACTIVE_ARCH = YES;
				SDKROOT = iphoneos;
				TARGETED_DEVICE_FAMILY = "1,2";
			};
			name = Debug;
		};
		7E48F6341C5EF4E400692810 /* Release */ = {
			isa = XCBuildConfiguration;
			buildSettings = {
				ALWAYS_SEARCH_USER_PATHS = NO;
				CLANG_CXX_LANGUAGE_STANDARD = "gnu++0x";
				CLANG_CXX_LIBRARY = "libc++";
				CLANG_ENABLE_MODULES = YES;
				CLANG_ENABLE_OBJC_ARC = YES;
				CLANG_WARN_BOOL_CONVERSION = YES;
				CLANG_WARN_CONSTANT_CONVERSION = YES;
				CLANG_WARN_DIRECT_OBJC_ISA_USAGE = YES_ERROR;
				CLANG_WARN_EMPTY_BODY = YES;
				CLANG_WARN_ENUM_CONVERSION = YES;
				CLANG_WARN_INT_CONVERSION = YES;
				CLANG_WARN_OBJC_ROOT_CLASS = YES_ERROR;
				CLANG_WARN_UNREACHABLE_CODE = YES;
				CLANG_WARN__DUPLICATE_METHOD_MATCH = YES;
				"CODE_SIGN_IDENTITY[sdk=iphoneos*]" = "iPhone Developer";
				COPY_PHASE_STRIP = NO;
				DEBUG_INFORMATION_FORMAT = "dwarf-with-dsym";
				ENABLE_NS_ASSERTIONS = NO;
				ENABLE_STRICT_OBJC_MSGSEND = YES;
				GCC_C_LANGUAGE_STANDARD = gnu99;
				GCC_NO_COMMON_BLOCKS = YES;
				GCC_WARN_64_TO_32_BIT_CONVERSION = YES;
				GCC_WARN_ABOUT_RETURN_TYPE = YES_ERROR;
				GCC_WARN_UNDECLARED_SELECTOR = YES;
				GCC_WARN_UNINITIALIZED_AUTOS = YES_AGGRESSIVE;
				GCC_WARN_UNUSED_FUNCTION = YES;
				GCC_WARN_UNUSED_VARIABLE = YES;
				IPHONEOS_DEPLOYMENT_TARGET = 9.1;
				MTL_ENABLE_DEBUG_INFO = NO;
				SDKROOT = iphoneos;
				TARGETED_DEVICE_FAMILY = "1,2";
				VALIDATE_PRODUCT = YES;
			};
			name = Release;
		};
		7E48F6361C5EF4E400692810 /* Debug */ = {
			isa = XCBuildConfiguration;
			baseConfigurationReference = BD4A0B09AF99DFBB46A04CD1 /* Pods.debug.xcconfig */;
			buildSettings = {
				ASSETCATALOG_COMPILER_APPICON_NAME = AppIcon;
				EMBEDDED_CONTENT_CONTAINS_SWIFT = YES;
				ENABLE_BITCODE = NO;
				INFOPLIST_FILE = HappyRun/Info.plist;
				IPHONEOS_DEPLOYMENT_TARGET = 8.0;
				LD_RUNPATH_SEARCH_PATHS = "$(inherited) @executable_path/Frameworks";
				PRODUCT_BUNDLE_IDENTIFIER = liyongyu.HappyRun;
				PRODUCT_NAME = "$(TARGET_NAME)";
			};
			name = Debug;
		};
		7E48F6371C5EF4E400692810 /* Release */ = {
			isa = XCBuildConfiguration;
			baseConfigurationReference = DF19B405387F79BF718785AD /* Pods.release.xcconfig */;
			buildSettings = {
				ASSETCATALOG_COMPILER_APPICON_NAME = AppIcon;
				EMBEDDED_CONTENT_CONTAINS_SWIFT = YES;
				ENABLE_BITCODE = NO;
				INFOPLIST_FILE = HappyRun/Info.plist;
				IPHONEOS_DEPLOYMENT_TARGET = 8.0;
				LD_RUNPATH_SEARCH_PATHS = "$(inherited) @executable_path/Frameworks";
				PRODUCT_BUNDLE_IDENTIFIER = liyongyu.HappyRun;
				PRODUCT_NAME = "$(TARGET_NAME)";
			};
			name = Release;
		};
		7E48F6391C5EF4E400692810 /* Debug */ = {
			isa = XCBuildConfiguration;
			buildSettings = {
				BUNDLE_LOADER = "$(TEST_HOST)";
				INFOPLIST_FILE = HappyRunTests/Info.plist;
				LD_RUNPATH_SEARCH_PATHS = "$(inherited) @executable_path/Frameworks @loader_path/Frameworks";
				PRODUCT_BUNDLE_IDENTIFIER = Scut.HappyRunTests;
				PRODUCT_NAME = "$(TARGET_NAME)";
				TEST_HOST = "$(BUILT_PRODUCTS_DIR)/HappyRun.app/HappyRun";
			};
			name = Debug;
		};
		7E48F63A1C5EF4E400692810 /* Release */ = {
			isa = XCBuildConfiguration;
			buildSettings = {
				BUNDLE_LOADER = "$(TEST_HOST)";
				INFOPLIST_FILE = HappyRunTests/Info.plist;
				LD_RUNPATH_SEARCH_PATHS = "$(inherited) @executable_path/Frameworks @loader_path/Frameworks";
				PRODUCT_BUNDLE_IDENTIFIER = Scut.HappyRunTests;
				PRODUCT_NAME = "$(TARGET_NAME)";
				TEST_HOST = "$(BUILT_PRODUCTS_DIR)/HappyRun.app/HappyRun";
			};
			name = Release;
		};
		7E48F63C1C5EF4E400692810 /* Debug */ = {
			isa = XCBuildConfiguration;
			buildSettings = {
				INFOPLIST_FILE = HappyRunUITests/Info.plist;
				LD_RUNPATH_SEARCH_PATHS = "$(inherited) @executable_path/Frameworks @loader_path/Frameworks";
				PRODUCT_BUNDLE_IDENTIFIER = Scut.HappyRunUITests;
				PRODUCT_NAME = "$(TARGET_NAME)";
				TEST_TARGET_NAME = HappyRun;
				USES_XCTRUNNER = YES;
			};
			name = Debug;
		};
		7E48F63D1C5EF4E400692810 /* Release */ = {
			isa = XCBuildConfiguration;
			buildSettings = {
				INFOPLIST_FILE = HappyRunUITests/Info.plist;
				LD_RUNPATH_SEARCH_PATHS = "$(inherited) @executable_path/Frameworks @loader_path/Frameworks";
				PRODUCT_BUNDLE_IDENTIFIER = Scut.HappyRunUITests;
				PRODUCT_NAME = "$(TARGET_NAME)";
				TEST_TARGET_NAME = HappyRun;
				USES_XCTRUNNER = YES;
			};
			name = Release;
		};
/* End XCBuildConfiguration section */

/* Begin XCConfigurationList section */
		7E48F6031C5EF4E400692810 /* Build configuration list for PBXProject "HappyRun" */ = {
			isa = XCConfigurationList;
			buildConfigurations = (
				7E48F6331C5EF4E400692810 /* Debug */,
				7E48F6341C5EF4E400692810 /* Release */,
			);
			defaultConfigurationIsVisible = 0;
			defaultConfigurationName = Release;
		};
		7E48F6351C5EF4E400692810 /* Build configuration list for PBXNativeTarget "HappyRun" */ = {
			isa = XCConfigurationList;
			buildConfigurations = (
				7E48F6361C5EF4E400692810 /* Debug */,
				7E48F6371C5EF4E400692810 /* Release */,
			);
			defaultConfigurationIsVisible = 0;
			defaultConfigurationName = Release;
		};
		7E48F6381C5EF4E400692810 /* Build configuration list for PBXNativeTarget "HappyRunTests" */ = {
			isa = XCConfigurationList;
			buildConfigurations = (
				7E48F6391C5EF4E400692810 /* Debug */,
				7E48F63A1C5EF4E400692810 /* Release */,
			);
			defaultConfigurationIsVisible = 0;
			defaultConfigurationName = Release;
		};
		7E48F63B1C5EF4E400692810 /* Build configuration list for PBXNativeTarget "HappyRunUITests" */ = {
			isa = XCConfigurationList;
			buildConfigurations = (
				7E48F63C1C5EF4E400692810 /* Debug */,
				7E48F63D1C5EF4E400692810 /* Release */,
			);
			defaultConfigurationIsVisible = 0;
			defaultConfigurationName = Release;
		};
/* End XCConfigurationList section */
	};
	rootObject = 7E48F6001C5EF4E400692810 /* Project object */;
}
